{
  "name": "s",
  "lockfileVersion": 3,
  "requires": true,
  "packages": {
    "": {
      "dependencies": {
        "typed.js": "^2.0.16"
      }
    },
    "node_modules/typed.js": {
      "version": "2.0.16",
      "resolved": "https://registry.npmjs.org/typed.js/-/typed.js-2.0.16.tgz",
      "integrity": "sha512-IBB52GlJiTUOnomwdVVf7lWgC6gScn8md+26zTHj5oJWA+4pSuclHE76rbGI2hnyO+NT+QXdIUHbfjAY5nEtcw=="
    }
  }
}
